
Microsoft Visual Studio Solution File, Format Version 12.00
# Visual Studio Version 17
VisualStudioVersion = 17.8.34330.188
MinimumVisualStudioVersion = 10.0.40219.1
Project("{FAE04EC0-301F-11D3-BF4B-00C04F79EFBC}") = "Application", "Hotel_Menagement_System\Application\Application.csproj", "{9E2A68E5-5ED7-41D0-AF6E-29C202916C5C}"
EndProject
Project("{FAE04EC0-301F-11D3-BF4B-00C04F79EFBC}") = "Domain", "Hotel_Menagement_System\Domain\Domain.csproj", "{1725D6E0-A240-495A-BA40-6B03980AA917}"
EndProject
Project("{FAE04EC0-301F-11D3-BF4B-00C04F79EFBC}") = "Infrastructure", "Hotel_Menagement_System\Infrastructure\Infrastructure.csproj", "{D435FF6F-4151-41EE-ABFD-D833FC16154F}"
EndProject
Project("{FAE04EC0-301F-11D3-BF4B-00C04F79EFBC}") = "Web", "Hotel_Menagement_System\Web\Web.csproj", "{4CEB5D7E-3E04-4C8E-834A-659532049B22}"
EndProject
Global
	GlobalSection(SolutionConfigurationPlatforms) = preSolution
		Debug|Any CPU = Debug|Any CPU
		Release|Any CPU = Release|Any CPU
	EndGlobalSection
	GlobalSection(ProjectConfigurationPlatforms) = postSolution
		{9E2A68E5-5ED7-41D0-AF6E-29C202916C5C}.Debug|Any CPU.ActiveCfg = Debug|Any CPU
		{9E2A68E5-5ED7-41D0-AF6E-29C202916C5C}.Debug|Any CPU.Build.0 = Debug|Any CPU
		{9E2A68E5-5ED7-41D0-AF6E-29C202916C5C}.Release|Any CPU.ActiveCfg = Release|Any CPU
		{9E2A68E5-5ED7-41D0-AF6E-29C202916C5C}.Release|Any CPU.Build.0 = Release|Any CPU
		{1725D6E0-A240-495A-BA40-6B03980AA917}.Debug|Any CPU.ActiveCfg = Debug|Any CPU
		{1725D6E0-A240-495A-BA40-6B03980AA917}.Debug|Any CPU.Build.0 = Debug|Any CPU
		{1725D6E0-A240-495A-BA40-6B03980AA917}.Release|Any CPU.ActiveCfg = Release|Any CPU
		{1725D6E0-A240-495A-BA40-6B03980AA917}.Release|Any CPU.Build.0 = Release|Any CPU
		{D435FF6F-4151-41EE-ABFD-D833FC16154F}.Debug|Any CPU.ActiveCfg = Debug|Any CPU
		{D435FF6F-4151-41EE-ABFD-D833FC16154F}.Debug|Any CPU.Build.0 = Debug|Any CPU
		{D435FF6F-4151-41EE-ABFD-D833FC16154F}.Release|Any CPU.ActiveCfg = Release|Any CPU
		{D435FF6F-4151-41EE-ABFD-D833FC16154F}.Release|Any CPU.Build.0 = Release|Any CPU
		{4CEB5D7E-3E04-4C8E-834A-659532049B22}.Debug|Any CPU.ActiveCfg = Debug|Any CPU
		{4CEB5D7E-3E04-4C8E-834A-659532049B22}.Debug|Any CPU.Build.0 = Debug|Any CPU
		{4CEB5D7E-3E04-4C8E-834A-659532049B22}.Release|Any CPU.ActiveCfg = Release|Any CPU
		{4CEB5D7E-3E04-4C8E-834A-659532049B22}.Release|Any CPU.Build.0 = Release|Any CPU
	EndGlobalSection
	GlobalSection(SolutionProperties) = preSolution
		HideSolutionNode = FALSE
	EndGlobalSection
	GlobalSection(ExtensibilityGlobals) = postSolution
		SolutionGuid = {FA000BDD-CCF8-4970-B531-A95FD89AF596}
	EndGlobalSection
EndGlobal
